
Microsoft Visual Studio Solution File, Format Version 12.00
# Visual Studio Version 17
VisualStudioVersion = 17.12.35707.178
MinimumVisualStudioVersion = 10.0.40219.1
Project("{FAE04EC0-301F-11D3-BF4B-00C04F79EFBC}") = "AS-2025", "src\backend\AS-2025.csproj", "{9CEB5A4D-5455-4E8C-9BC8-E4CDA7B457CC}"
EndProject
Project("{2150E333-8FDC-42A3-9474-1A3956D46DE8}") = "src", "src", "{723CD42A-07C6-4E56-9568-43C51E1659C1}"
EndProject
Project("{FAE04EC0-301F-11D3-BF4B-00C04F79EFBC}") = "algo", "src\algo\algo.csproj", "{EFE550C7-F2FC-4E3A-914A-019793AEAA02}"
EndProject
Global
	GlobalSection(SolutionConfigurationPlatforms) = preSolution
		Debug|Any CPU = Debug|Any CPU
		Release|Any CPU = Release|Any CPU
	EndGlobalSection
	GlobalSection(ProjectConfigurationPlatforms) = postSolution
		{9CEB5A4D-5455-4E8C-9BC8-E4CDA7B457CC}.Debug|Any CPU.ActiveCfg = Debug|Any CPU
		{9CEB5A4D-5455-4E8C-9BC8-E4CDA7B457CC}.Debug|Any CPU.Build.0 = Debug|Any CPU
		{9CEB5A4D-5455-4E8C-9BC8-E4CDA7B457CC}.Release|Any CPU.ActiveCfg = Release|Any CPU
		{9CEB5A4D-5455-4E8C-9BC8-E4CDA7B457CC}.Release|Any CPU.Build.0 = Release|Any CPU
		{EFE550C7-F2FC-4E3A-914A-019793AEAA02}.Debug|Any CPU.ActiveCfg = Debug|Any CPU
		{EFE550C7-F2FC-4E3A-914A-019793AEAA02}.Debug|Any CPU.Build.0 = Debug|Any CPU
		{EFE550C7-F2FC-4E3A-914A-019793AEAA02}.Release|Any CPU.ActiveCfg = Release|Any CPU
		{EFE550C7-F2FC-4E3A-914A-019793AEAA02}.Release|Any CPU.Build.0 = Release|Any CPU
	EndGlobalSection
	GlobalSection(SolutionProperties) = preSolution
		HideSolutionNode = FALSE
	EndGlobalSection
	GlobalSection(NestedProjects) = preSolution
		{EFE550C7-F2FC-4E3A-914A-019793AEAA02} = {723CD42A-07C6-4E56-9568-43C51E1659C1}
	EndGlobalSection
EndGlobal
